
Microsoft Visual Studio Solution File, Format Version 12.00
# Visual Studio Version 16
VisualStudioVersion = 16.0.29215.179
MinimumVisualStudioVersion = 10.0.40219.1
Project("{F184B08F-C81C-45F6-A57F-5ABD9991F28F}") = "scale app 2", "scale app 2\scale app 2.vbproj", "{88E79795-7B84-470E-BA92-0CD45BB4B79F}"
EndProject
Global
	GlobalSection(SolutionConfigurationPlatforms) = preSolution
		Debug|Any CPU = Debug|Any CPU
		Release|Any CPU = Release|Any CPU
	EndGlobalSection
	GlobalSection(ProjectConfigurationPlatforms) = postSolution
		{88E79795-7B84-470E-BA92-0CD45BB4B79F}.Debug|Any CPU.ActiveCfg = Debug|Any CPU
		{88E79795-7B84-470E-BA92-0CD45BB4B79F}.Debug|Any CPU.Build.0 = Debug|Any CPU
		{88E79795-7B84-470E-BA92-0CD45BB4B79F}.Release|Any CPU.ActiveCfg = Release|Any CPU
		{88E79795-7B84-470E-BA92-0CD45BB4B79F}.Release|Any CPU.Build.0 = Release|Any CPU
	EndGlobalSection
	GlobalSection(SolutionProperties) = preSolution
		HideSolutionNode = FALSE
	EndGlobalSection
	GlobalSection(ExtensibilityGlobals) = postSolution
		SolutionGuid = {6E24A3C4-BBF4-4A70-A324-88C7780361BD}
	EndGlobalSection
EndGlobal
